
Microsoft Visual Studio Solution File, Format Version 12.00
# Visual Studio Version 17
VisualStudioVersion = 17.14.36401.2
MinimumVisualStudioVersion = 10.0.40219.1
Project("{FAE04EC0-301F-11D3-BF4B-00C04F79EFBC}") = "OKRPerformanceManagement.Web", "OKRPerformanceManagement.Web\OKRPerformanceManagement.Web.csproj", "{D0A994BC-6BCD-42D1-B80B-4D0F498DE606}"
EndProject
Project("{FAE04EC0-301F-11D3-BF4B-00C04F79EFBC}") = "OKRPerformanceManagement.Models", "OKRPerformanceManagement.Models\OKRPerformanceManagement.Models.csproj", "{35637C10-ABD7-4B2B-B469-7DE86B58699D}"
EndProject
Project("{FAE04EC0-301F-11D3-BF4B-00C04F79EFBC}") = "OKRPerformanceManagement.Data", "OKRPerformanceManagement.Data\OKRPerformanceManagement.Data.csproj", "{5D5387ED-8430-4945-9AFD-CBA3CCA3D5FB}"
EndProject
Global
	GlobalSection(SolutionConfigurationPlatforms) = preSolution
		Debug|Any CPU = Debug|Any CPU
		Debug|x64 = Debug|x64
		Debug|x86 = Debug|x86
		Release|Any CPU = Release|Any CPU
		Release|x64 = Release|x64
		Release|x86 = Release|x86
	EndGlobalSection
	GlobalSection(ProjectConfigurationPlatforms) = postSolution
		{D0A994BC-6BCD-42D1-B80B-4D0F498DE606}.Debug|Any CPU.ActiveCfg = Debug|Any CPU
		{D0A994BC-6BCD-42D1-B80B-4D0F498DE606}.Debug|Any CPU.Build.0 = Debug|Any CPU
		{D0A994BC-6BCD-42D1-B80B-4D0F498DE606}.Debug|x64.ActiveCfg = Debug|Any CPU
		{D0A994BC-6BCD-42D1-B80B-4D0F498DE606}.Debug|x64.Build.0 = Debug|Any CPU
		{D0A994BC-6BCD-42D1-B80B-4D0F498DE606}.Debug|x86.ActiveCfg = Debug|Any CPU
		{D0A994BC-6BCD-42D1-B80B-4D0F498DE606}.Debug|x86.Build.0 = Debug|Any CPU
		{D0A994BC-6BCD-42D1-B80B-4D0F498DE606}.Release|Any CPU.ActiveCfg = Release|Any CPU
		{D0A994BC-6BCD-42D1-B80B-4D0F498DE606}.Release|Any CPU.Build.0 = Release|Any CPU
		{D0A994BC-6BCD-42D1-B80B-4D0F498DE606}.Release|x64.ActiveCfg = Release|Any CPU
		{D0A994BC-6BCD-42D1-B80B-4D0F498DE606}.Release|x64.Build.0 = Release|Any CPU
		{D0A994BC-6BCD-42D1-B80B-4D0F498DE606}.Release|x86.ActiveCfg = Release|Any CPU
		{D0A994BC-6BCD-42D1-B80B-4D0F498DE606}.Release|x86.Build.0 = Release|Any CPU
		{35637C10-ABD7-4B2B-B469-7DE86B58699D}.Debug|Any CPU.ActiveCfg = Debug|Any CPU
		{35637C10-ABD7-4B2B-B469-7DE86B58699D}.Debug|Any CPU.Build.0 = Debug|Any CPU
		{35637C10-ABD7-4B2B-B469-7DE86B58699D}.Debug|x64.ActiveCfg = Debug|Any CPU
		{35637C10-ABD7-4B2B-B469-7DE86B58699D}.Debug|x64.Build.0 = Debug|Any CPU
		{35637C10-ABD7-4B2B-B469-7DE86B58699D}.Debug|x86.ActiveCfg = Debug|Any CPU
		{35637C10-ABD7-4B2B-B469-7DE86B58699D}.Debug|x86.Build.0 = Debug|Any CPU
		{35637C10-ABD7-4B2B-B469-7DE86B58699D}.Release|Any CPU.ActiveCfg = Release|Any CPU
		{35637C10-ABD7-4B2B-B469-7DE86B58699D}.Release|Any CPU.Build.0 = Release|Any CPU
		{35637C10-ABD7-4B2B-B469-7DE86B58699D}.Release|x64.ActiveCfg = Release|Any CPU
		{35637C10-ABD7-4B2B-B469-7DE86B58699D}.Release|x64.Build.0 = Release|Any CPU
		{35637C10-ABD7-4B2B-B469-7DE86B58699D}.Release|x86.ActiveCfg = Release|Any CPU
		{35637C10-ABD7-4B2B-B469-7DE86B58699D}.Release|x86.Build.0 = Release|Any CPU
		{5D5387ED-8430-4945-9AFD-CBA3CCA3D5FB}.Debug|Any CPU.ActiveCfg = Debug|Any CPU
		{5D5387ED-8430-4945-9AFD-CBA3CCA3D5FB}.Debug|Any CPU.Build.0 = Debug|Any CPU
		{5D5387ED-8430-4945-9AFD-CBA3CCA3D5FB}.Debug|x64.ActiveCfg = Debug|Any CPU
		{5D5387ED-8430-4945-9AFD-CBA3CCA3D5FB}.Debug|x64.Build.0 = Debug|Any CPU
		{5D5387ED-8430-4945-9AFD-CBA3CCA3D5FB}.Debug|x86.ActiveCfg = Debug|Any CPU
		{5D5387ED-8430-4945-9AFD-CBA3CCA3D5FB}.Debug|x86.Build.0 = Debug|Any CPU
		{5D5387ED-8430-4945-9AFD-CBA3CCA3D5FB}.Release|Any CPU.ActiveCfg = Release|Any CPU
		{5D5387ED-8430-4945-9AFD-CBA3CCA3D5FB}.Release|Any CPU.Build.0 = Release|Any CPU
		{5D5387ED-8430-4945-9AFD-CBA3CCA3D5FB}.Release|x64.ActiveCfg = Release|Any CPU
		{5D5387ED-8430-4945-9AFD-CBA3CCA3D5FB}.Release|x64.Build.0 = Release|Any CPU
		{5D5387ED-8430-4945-9AFD-CBA3CCA3D5FB}.Release|x86.ActiveCfg = Release|Any CPU
		{5D5387ED-8430-4945-9AFD-CBA3CCA3D5FB}.Release|x86.Build.0 = Release|Any CPU
	EndGlobalSection
	GlobalSection(SolutionProperties) = preSolution
		HideSolutionNode = FALSE
	EndGlobalSection
	GlobalSection(ExtensibilityGlobals) = postSolution
		SolutionGuid = {0CFD5D08-E932-459B-94C5-527ABBB507DF}
	EndGlobalSection
EndGlobal
